
Microsoft Visual Studio Solution File, Format Version 12.00
# Visual Studio Version 16
VisualStudioVersion = 16.0.31025.194
MinimumVisualStudioVersion = 10.0.40219.1
Project("{FAE04EC0-301F-11D3-BF4B-00C04F79EFBC}") = "lab 6", "lab 6\lab 6.csproj", "{B2F69014-EF87-44B8-9DE0-2E70AB67033E}"
EndProject
Global
	GlobalSection(SolutionConfigurationPlatforms) = preSolution
		Debug|Any CPU = Debug|Any CPU
		Release|Any CPU = Release|Any CPU
	EndGlobalSection
	GlobalSection(ProjectConfigurationPlatforms) = postSolution
		{B2F69014-EF87-44B8-9DE0-2E70AB67033E}.Debug|Any CPU.ActiveCfg = Debug|Any CPU
		{B2F69014-EF87-44B8-9DE0-2E70AB67033E}.Debug|Any CPU.Build.0 = Debug|Any CPU
		{B2F69014-EF87-44B8-9DE0-2E70AB67033E}.Release|Any CPU.ActiveCfg = Release|Any CPU
		{B2F69014-EF87-44B8-9DE0-2E70AB67033E}.Release|Any CPU.Build.0 = Release|Any CPU
	EndGlobalSection
	GlobalSection(SolutionProperties) = preSolution
		HideSolutionNode = FALSE
	EndGlobalSection
	GlobalSection(ExtensibilityGlobals) = postSolution
		SolutionGuid = {83792BDD-0802-4C2D-A1A8-368F69DDFDBF}
	EndGlobalSection
EndGlobal
